// !$*UTF8*$!
{
	archiveVersion = 1;
	classes = {
	};
	objectVersion = 46;
	objects = {

/* Begin PBXBuildFile section */
		5BDC2B2317533E5900BBA0CD /* UIKit.framework in Frameworks */ = {isa = PBXBuildFile; fileRef = 5BDC2B2217533E5900BBA0CD /* UIKit.framework */; };
		5BDC2B2517533E5900BBA0CD /* Foundation.framework in Frameworks */ = {isa = PBXBuildFile; fileRef = 5BDC2B2417533E5900BBA0CD /* Foundation.framework */; };
		5BDC2B2717533E5900BBA0CD /* CoreGraphics.framework in Frameworks */ = {isa = PBXBuildFile; fileRef = 5BDC2B2617533E5900BBA0CD /* CoreGraphics.framework */; };
		5BDC2B2D17533E5A00BBA0CD /* InfoPlist.strings in Resources */ = {isa = PBXBuildFile; fileRef = 5BDC2B2B17533E5A00BBA0CD /* InfoPlist.strings */; };
		5BDC2B2F17533E5A00BBA0CD /* main.m in Sources */ = {isa = PBXBuildFile; fileRef = 5BDC2B2E17533E5A00BBA0CD /* main.m */; };
		5BDC2B3317533E5A00BBA0CD /* ExtendedAppDelegate.m in Sources */ = {isa = PBXBuildFile; fileRef = 5BDC2B3217533E5A00BBA0CD /* ExtendedAppDelegate.m */; };
		5BDC2B3517533E5A00BBA0CD /* Default.png in Resources */ = {isa = PBXBuildFile; fileRef = 5BDC2B3417533E5A00BBA0CD /* Default.png */; };
		5BDC2B3717533E5A00BBA0CD /* Default@2x.png in Resources */ = {isa = PBXBuildFile; fileRef = 5BDC2B3617533E5A00BBA0CD /* Default@2x.png */; };
		5BDC2B3917533E5A00BBA0CD /* Default-568h@2x.png in Resources */ = {isa = PBXBuildFile; fileRef = 5BDC2B3817533E5A00BBA0CD /* Default-568h@2x.png */; };
		5BDC2B3C17533E5A00BBA0CD /* ExtendedViewController.m in Sources */ = {isa = PBXBuildFile; fileRef = 5BDC2B3B17533E5A00BBA0CD /* ExtendedViewController.m */; };
		5BDC2B3F17533E5A00BBA0CD /* ExtendedViewController.xib in Resources */ = {isa = PBXBuildFile; fileRef = 5BDC2B3D17533E5A00BBA0CD /* ExtendedViewController.xib */; };
		5BDC2B4717533E5A00BBA0CD /* SenTestingKit.framework in Frameworks */ = {isa = PBXBuildFile; fileRef = 5BDC2B4617533E5A00BBA0CD /* SenTestingKit.framework */; };
		5BDC2B4817533E5A00BBA0CD /* UIKit.framework in Frameworks */ = {isa = PBXBuildFile; fileRef = 5BDC2B2217533E5900BBA0CD /* UIKit.framework */; };
		5BDC2B4917533E5A00BBA0CD /* Foundation.framework in Frameworks */ = {isa = PBXBuildFile; fileRef = 5BDC2B2417533E5900BBA0CD /* Foundation.framework */; };
		5BDC2B5117533E5A00BBA0CD /* InfoPlist.strings in Resources */ = {isa = PBXBuildFile; fileRef = 5BDC2B4F17533E5A00BBA0CD /* InfoPlist.strings */; };
		5BDC2B5417533E5A00BBA0CD /* TDDStringCalculatorTests.m in Sources */ = {isa = PBXBuildFile; fileRef = 5BDC2B5317533E5A00BBA0CD /* TDDStringCalculatorTests.m */; };
		5BDC2B5F17533F4100BBA0CD /* Calculator.m in Sources */ = {isa = PBXBuildFile; fileRef = 5BDC2B5E17533F4100BBA0CD /* Calculator.m */; };
/* End PBXBuildFile section */

/* Begin PBXContainerItemProxy section */
		5BDC2B4A17533E5A00BBA0CD /* PBXContainerItemProxy */ = {
			isa = PBXContainerItemProxy;
			containerPortal = 5BDC2B1717533E5900BBA0CD /* Project object */;
			proxyType = 1;
			remoteGlobalIDString = 5BDC2B1E17533E5900BBA0CD;
			remoteInfo = TDDStringCalculator;
		};
/* End PBXContainerItemProxy section */

/* Begin PBXFileReference section */
		5BDC2B1F17533E5900BBA0CD /* TDDStringCalculator.app */ = {isa = PBXFileReference; explicitFileType = wrapper.application; includeInIndex = 0; path = TDDStringCalculator.app; sourceTree = BUILT_PRODUCTS_DIR; };
		5BDC2B2217533E5900BBA0CD /* UIKit.framework */ = {isa = PBXFileReference; lastKnownFileType = wrapper.framework; name = UIKit.framework; path = System/Library/Frameworks/UIKit.framework; sourceTree = SDKROOT; };
		5BDC2B2417533E5900BBA0CD /* Foundation.framework */ = {isa = PBXFileReference; lastKnownFileType = wrapper.framework; name = Foundation.framework; path = System/Library/Frameworks/Foundation.framework; sourceTree = SDKROOT; };
		5BDC2B2617533E5900BBA0CD /* CoreGraphics.framework */ = {isa = PBXFileReference; lastKnownFileType = wrapper.framework; name = CoreGraphics.framework; path = System/Library/Frameworks/CoreGraphics.framework; sourceTree = SDKROOT; };
		5BDC2B2A17533E5A00BBA0CD /* TDDStringCalculator-Info.plist */ = {isa = PBXFileReference; lastKnownFileType = text.plist.xml; path = "TDDStringCalculator-Info.plist"; sourceTree = "<group>"; };
		5BDC2B2C17533E5A00BBA0CD /* en */ = {isa = PBXFileReference; lastKnownFileType = text.plist.strings; name = en; path = en.lproj/InfoPlist.strings; sourceTree = "<group>"; };
		5BDC2B2E17533E5A00BBA0CD /* main.m */ = {isa = PBXFileReference; lastKnownFileType = sourcecode.c.objc; path = main.m; sourceTree = "<group>"; };
		5BDC2B3017533E5A00BBA0CD /* TDDStringCalculator-Prefix.pch */ = {isa = PBXFileReference; lastKnownFileType = sourcecode.c.h; path = "TDDStringCalculator-Prefix.pch"; sourceTree = "<group>"; };
		5BDC2B3117533E5A00BBA0CD /* ExtendedAppDelegate.h */ = {isa = PBXFileReference; lastKnownFileType = sourcecode.c.h; path = ExtendedAppDelegate.h; sourceTree = "<group>"; };
		5BDC2B3217533E5A00BBA0CD /* ExtendedAppDelegate.m */ = {isa = PBXFileReference; lastKnownFileType = sourcecode.c.objc; path = ExtendedAppDelegate.m; sourceTree = "<group>"; };
		5BDC2B3417533E5A00BBA0CD /* Default.png */ = {isa = PBXFileReference; lastKnownFileType = image.png; path = Default.png; sourceTree = "<group>"; };
		5BDC2B3617533E5A00BBA0CD /* Default@2x.png */ = {isa = PBXFileReference; lastKnownFileType = image.png; path = "Default@2x.png"; sourceTree = "<group>"; };
		5BDC2B3817533E5A00BBA0CD /* Default-568h@2x.png */ = {isa = PBXFileReference; lastKnownFileType = image.png; path = "Default-568h@2x.png"; sourceTree = "<group>"; };
		5BDC2B3A17533E5A00BBA0CD /* ExtendedViewController.h */ = {isa = PBXFileReference; lastKnownFileType = sourcecode.c.h; path = ExtendedViewController.h; sourceTree = "<group>"; };
		5BDC2B3B17533E5A00BBA0CD /* ExtendedViewController.m */ = {isa = PBXFileReference; lastKnownFileType = sourcecode.c.objc; path = ExtendedViewController.m; sourceTree = "<group>"; };
		5BDC2B3E17533E5A00BBA0CD /* en */ = {isa = PBXFileReference; lastKnownFileType = file.xib; name = en; path = en.lproj/ExtendedViewController.xib; sourceTree = "<group>"; };
		5BDC2B4517533E5A00BBA0CD /* TDDStringCalculatorTests.octest */ = {isa = PBXFileReference; explicitFileType = wrapper.cfbundle; includeInIndex = 0; path = TDDStringCalculatorTests.octest; sourceTree = BUILT_PRODUCTS_DIR; };
		5BDC2B4617533E5A00BBA0CD /* SenTestingKit.framework */ = {isa = PBXFileReference; lastKnownFileType = wrapper.framework; name = SenTestingKit.framework; path = Library/Frameworks/SenTestingKit.framework; sourceTree = DEVELOPER_DIR; };
		5BDC2B4E17533E5A00BBA0CD /* TDDStringCalculatorTests-Info.plist */ = {isa = PBXFileReference; lastKnownFileType = text.plist.xml; path = "TDDStringCalculatorTests-Info.plist"; sourceTree = "<group>"; };
		5BDC2B5017533E5A00BBA0CD /* en */ = {isa = PBXFileReference; lastKnownFileType = text.plist.strings; name = en; path = en.lproj/InfoPlist.strings; sourceTree = "<group>"; };
		5BDC2B5217533E5A00BBA0CD /* TDDStringCalculatorTests.h */ = {isa = PBXFileReference; lastKnownFileType = sourcecode.c.h; path = TDDStringCalculatorTests.h; sourceTree = "<group>"; };
		5BDC2B5317533E5A00BBA0CD /* TDDStringCalculatorTests.m */ = {isa = PBXFileReference; lastKnownFileType = sourcecode.c.objc; path = TDDStringCalculatorTests.m; sourceTree = "<group>"; };
		5BDC2B5D17533F4100BBA0CD /* Calculator.h */ = {isa = PBXFileReference; fileEncoding = 4; lastKnownFileType = sourcecode.c.h; path = Calculator.h; sourceTree = "<group>"; };
		5BDC2B5E17533F4100BBA0CD /* Calculator.m */ = {isa = PBXFileReference; fileEncoding = 4; lastKnownFileType = sourcecode.c.objc; path = Calculator.m; sourceTree = "<group>"; };
/* End PBXFileReference section */

/* Begin PBXFrameworksBuildPhase section */
		5BDC2B1C17533E5900BBA0CD /* Frameworks */ = {
			isa = PBXFrameworksBuildPhase;
			buildActionMask = 2147483647;
			files = (
				5BDC2B2317533E5900BBA0CD /* UIKit.framework in Frameworks */,
				5BDC2B2517533E5900BBA0CD /* Foundation.framework in Frameworks */,
				5BDC2B2717533E5900BBA0CD /* CoreGraphics.framework in Frameworks */,
			);
			runOnlyForDeploymentPostprocessing = 0;
		};
		5BDC2B4117533E5A00BBA0CD /* Frameworks */ = {
			isa = PBXFrameworksBuildPhase;
			buildActionMask = 2147483647;
			files = (
				5BDC2B4717533E5A00BBA0CD /* SenTestingKit.framework in Frameworks */,
				5BDC2B4817533E5A00BBA0CD /* UIKit.framework in Frameworks */,
				5BDC2B4917533E5A00BBA0CD /* Foundation.framework in Frameworks */,
			);
			runOnlyForDeploymentPostprocessing = 0;
		};
/* End PBXFrameworksBuildPhase section */

/* Begin PBXGroup section */
		5BDC2B1617533E5900BBA0CD = {
			isa = PBXGroup;
			children = (
				5BDC2B2817533E5900BBA0CD /* TDDStringCalculator */,
				5BDC2B4C17533E5A00BBA0CD /* TDDStringCalculatorTests */,
				5BDC2B2117533E5900BBA0CD /* Frameworks */,
				5BDC2B2017533E5900BBA0CD /* Products */,
			);
			sourceTree = "<group>";
		};
		5BDC2B2017533E5900BBA0CD /* Products */ = {
			isa = PBXGroup;
			children = (
				5BDC2B1F17533E5900BBA0CD /* TDDStringCalculator.app */,
				5BDC2B4517533E5A00BBA0CD /* TDDStringCalculatorTests.octest */,
			);
			name = Products;
			sourceTree = "<group>";
		};
		5BDC2B2117533E5900BBA0CD /* Frameworks */ = {
			isa = PBXGroup;
			children = (
				5BDC2B2217533E5900BBA0CD /* UIKit.framework */,
				5BDC2B2417533E5900BBA0CD /* Foundation.framework */,
				5BDC2B2617533E5900BBA0CD /* CoreGraphics.framework */,
				5BDC2B4617533E5A00BBA0CD /* SenTestingKit.framework */,
			);
			name = Frameworks;
			sourceTree = "<group>";
		};
		5BDC2B2817533E5900BBA0CD /* TDDStringCalculator */ = {
			isa = PBXGroup;
			children = (
				5BDC2B3117533E5A00BBA0CD /* ExtendedAppDelegate.h */,
				5BDC2B3217533E5A00BBA0CD /* ExtendedAppDelegate.m */,
				5BDC2B3A17533E5A00BBA0CD /* ExtendedViewController.h */,
				5BDC2B3B17533E5A00BBA0CD /* ExtendedViewController.m */,
				5BDC2B3D17533E5A00BBA0CD /* ExtendedViewController.xib */,
				5BDC2B2917533E5A00BBA0CD /* Supporting Files */,
				5BDC2B5D17533F4100BBA0CD /* Calculator.h */,
				5BDC2B5E17533F4100BBA0CD /* Calculator.m */,
			);
			path = TDDStringCalculator;
			sourceTree = "<group>";
		};
		5BDC2B2917533E5A00BBA0CD /* Supporting Files */ = {
			isa = PBXGroup;
			children = (
				5BDC2B2A17533E5A00BBA0CD /* TDDStringCalculator-Info.plist */,
				5BDC2B2B17533E5A00BBA0CD /* InfoPlist.strings */,
				5BDC2B2E17533E5A00BBA0CD /* main.m */,
				5BDC2B3017533E5A00BBA0CD /* TDDStringCalculator-Prefix.pch */,
				5BDC2B3417533E5A00BBA0CD /* Default.png */,
				5BDC2B3617533E5A00BBA0CD /* Default@2x.png */,
				5BDC2B3817533E5A00BBA0CD /* Default-568h@2x.png */,
			);
			name = "Supporting Files";
			sourceTree = "<group>";
		};
		5BDC2B4C17533E5A00BBA0CD /* TDDStringCalculatorTests */ = {
			isa = PBXGroup;
			children = (
				5BDC2B5217533E5A00BBA0CD /* TDDStringCalculatorTests.h */,
				5BDC2B5317533E5A00BBA0CD /* TDDStringCalculatorTests.m */,
				5BDC2B4D17533E5A00BBA0CD /* Supporting Files */,
			);
			path = TDDStringCalculatorTests;
			sourceTree = "<group>";
		};
		5BDC2B4D17533E5A00BBA0CD /* Supporting Files */ = {
			isa = PBXGroup;
			children = (
				5BDC2B4E17533E5A00BBA0CD /* TDDStringCalculatorTests-Info.plist */,
				5BDC2B4F17533E5A00BBA0CD /* InfoPlist.strings */,
			);
			name = "Supporting Files";
			sourceTree = "<group>";
		};
/* End PBXGroup section */

/* Begin PBXNativeTarget section */
		5BDC2B1E17533E5900BBA0CD /* TDDStringCalculator */ = {
			isa = PBXNativeTarget;
			buildConfigurationList = 5BDC2B5717533E5A00BBA0CD /* Build configuration list for PBXNativeTarget "TDDStringCalculator" */;
			buildPhases = (
				5BDC2B1B17533E5900BBA0CD /* Sources */,
				5BDC2B1C17533E5900BBA0CD /* Frameworks */,
				5BDC2B1D17533E5900BBA0CD /* Resources */,
			);
			buildRules = (
			);
			dependencies = (
			);
			name = TDDStringCalculator;
			productName = TDDStringCalculator;
			productReference = 5BDC2B1F17533E5900BBA0CD /* TDDStringCalculator.app */;
			productType = "com.apple.product-type.application";
		};
		5BDC2B4417533E5A00BBA0CD /* TDDStringCalculatorTests */ = {
			isa = PBXNativeTarget;
			buildConfigurationList = 5BDC2B5A17533E5A00BBA0CD /* Build configuration list for PBXNativeTarget "TDDStringCalculatorTests" */;
			buildPhases = (
				5BDC2B4017533E5A00BBA0CD /* Sources */,
				5BDC2B4117533E5A00BBA0CD /* Frameworks */,
				5BDC2B4217533E5A00BBA0CD /* Resources */,
				5BDC2B4317533E5A00BBA0CD /* ShellScript */,
			);
			buildRules = (
			);
			dependencies = (
				5BDC2B4B17533E5A00BBA0CD /* PBXTargetDependency */,
			);
			name = TDDStringCalculatorTests;
			productName = TDDStringCalculatorTests;
			productReference = 5BDC2B4517533E5A00BBA0CD /* TDDStringCalculatorTests.octest */;
			productType = "com.apple.product-type.bundle";
		};
/* End PBXNativeTarget section */

/* Begin PBXProject section */
		5BDC2B1717533E5900BBA0CD /* Project object */ = {
			isa = PBXProject;
			attributes = {
				CLASSPREFIX = Extended;
				LastUpgradeCheck = 0460;
				ORGANIZATIONNAME = Thett;
			};
			buildConfigurationList = 5BDC2B1A17533E5900BBA0CD /* Build configuration list for PBXProject "TDDStringCalculator" */;
			compatibilityVersion = "Xcode 3.2";
			developmentRegion = English;
			hasScannedForEncodings = 0;
			knownRegions = (
				en,
			);
			mainGroup = 5BDC2B1617533E5900BBA0CD;
			productRefGroup = 5BDC2B2017533E5900BBA0CD /* Products */;
			projectDirPath = "";
			projectRoot = "";
			targets = (
				5BDC2B1E17533E5900BBA0CD /* TDDStringCalculator */,
				5BDC2B4417533E5A00BBA0CD /* TDDStringCalculatorTests */,
			);
		};
/* End PBXProject section */

/* Begin PBXResourcesBuildPhase section */
		5BDC2B1D17533E5900BBA0CD /* Resources */ = {
			isa = PBXResourcesBuildPhase;
			buildActionMask = 2147483647;
			files = (
				5BDC2B2D17533E5A00BBA0CD /* InfoPlist.strings in Resources */,
				5BDC2B3517533E5A00BBA0CD /* Default.png in Resources */,
				5BDC2B3717533E5A00BBA0CD /* Default@2x.png in Resources */,
				5BDC2B3917533E5A00BBA0CD /* Default-568h@2x.png in Resources */,
				5BDC2B3F17533E5A00BBA0CD /* ExtendedViewController.xib in Resources */,
			);
			runOnlyForDeploymentPostprocessing = 0;
		};
		5BDC2B4217533E5A00BBA0CD /* Resources */ = {
			isa = PBXResourcesBuildPhase;
			buildActionMask = 2147483647;
			files = (
				5BDC2B5117533E5A00BBA0CD /* InfoPlist.strings in Resources */,
			);
			runOnlyForDeploymentPostprocessing = 0;
		};
/* End PBXResourcesBuildPhase section */

/* Begin PBXShellScriptBuildPhase section */
		5BDC2B4317533E5A00BBA0CD /* ShellScript */ = {
			isa = PBXShellScriptBuildPhase;
			buildActionMask = 2147483647;
			files = (
			);
			inputPaths = (
			);
			outputPaths = (
			);
			runOnlyForDeploymentPostprocessing = 0;
			shellPath = /bin/sh;
			shellScript = "# Run the unit tests in this test bundle.\n\"${SYSTEM_DEVELOPER_DIR}/Tools/RunUnitTests\"\n";
		};
/* End PBXShellScriptBuildPhase section */

/* Begin PBXSourcesBuildPhase section */
		5BDC2B1B17533E5900BBA0CD /* Sources */ = {
			isa = PBXSourcesBuildPhase;
			buildActionMask = 2147483647;
			files = (
				5BDC2B2F17533E5A00BBA0CD /* main.m in Sources */,
				5BDC2B3317533E5A00BBA0CD /* ExtendedAppDelegate.m in Sources */,
				5BDC2B3C17533E5A00BBA0CD /* ExtendedViewController.m in Sources */,
				5BDC2B5F17533F4100BBA0CD /* Calculator.m in Sources */,
			);
			runOnlyForDeploymentPostprocessing = 0;
		};
		5BDC2B4017533E5A00BBA0CD /* Sources */ = {
			isa = PBXSourcesBuildPhase;
			buildActionMask = 2147483647;
			files = (
				5BDC2B5417533E5A00BBA0CD /* TDDStringCalculatorTests.m in Sources */,
			);
			runOnlyForDeploymentPostprocessing = 0;
		};
/* End PBXSourcesBuildPhase section */

/* Begin PBXTargetDependency section */
		5BDC2B4B17533E5A00BBA0CD /* PBXTargetDependency */ = {
			isa = PBXTargetDependency;
			target = 5BDC2B1E17533E5900BBA0CD /* TDDStringCalculator */;
			targetProxy = 5BDC2B4A17533E5A00BBA0CD /* PBXContainerItemProxy */;
		};
/* End PBXTargetDependency section */

/* Begin PBXVariantGroup section */
		5BDC2B2B17533E5A00BBA0CD /* InfoPlist.strings */ = {
			isa = PBXVariantGroup;
			children = (
				5BDC2B2C17533E5A00BBA0CD /* en */,
			);
			name = InfoPlist.strings;
			sourceTree = "<group>";
		};
		5BDC2B3D17533E5A00BBA0CD /* ExtendedViewController.xib */ = {
			isa = PBXVariantGroup;
			children = (
				5BDC2B3E17533E5A00BBA0CD /* en */,
			);
			name = ExtendedViewController.xib;
			sourceTree = "<group>";
		};
		5BDC2B4F17533E5A00BBA0CD /* InfoPlist.strings */ = {
			isa = PBXVariantGroup;
			children = (
				5BDC2B5017533E5A00BBA0CD /* en */,
			);
			name = InfoPlist.strings;
			sourceTree = "<group>";
		};
/* End PBXVariantGroup section */

/* Begin XCBuildConfiguration section */
		5BDC2B5517533E5A00BBA0CD /* Debug */ = {
			isa = XCBuildConfiguration;
			buildSettings = {
				ALWAYS_SEARCH_USER_PATHS = NO;
				CLANG_CXX_LANGUAGE_STANDARD = "gnu++0x";
				CLANG_CXX_LIBRARY = "libc++";
				CLANG_WARN_CONSTANT_CONVERSION = YES;
				CLANG_WARN_EMPTY_BODY = YES;
				CLANG_WARN_ENUM_CONVERSION = YES;
				CLANG_WARN_INT_CONVERSION = YES;
				CLANG_WARN__DUPLICATE_METHOD_MATCH = YES;
				"CODE_SIGN_IDENTITY[sdk=iphoneos*]" = "iPhone Developer";
				COPY_PHASE_STRIP = NO;
				GCC_C_LANGUAGE_STANDARD = gnu99;
				GCC_DYNAMIC_NO_PIC = NO;
				GCC_OPTIMIZATION_LEVEL = 0;
				GCC_PREPROCESSOR_DEFINITIONS = (
					"DEBUG=1",
					"$(inherited)",
				);
				GCC_SYMBOLS_PRIVATE_EXTERN = NO;
				GCC_WARN_ABOUT_RETURN_TYPE = YES;
				GCC_WARN_UNINITIALIZED_AUTOS = YES;
				GCC_WARN_UNUSED_VARIABLE = YES;
				IPHONEOS_DEPLOYMENT_TARGET = 6.1;
				ONLY_ACTIVE_ARCH = YES;
				SDKROOT = iphoneos;
			};
			name = Debug;
		};
		5BDC2B5617533E5A00BBA0CD /* Release */ = {
			isa = XCBuildConfiguration;
			buildSettings = {
				ALWAYS_SEARCH_USER_PATHS = NO;
				CLANG_CXX_LANGUAGE_STANDARD = "gnu++0x";
				CLANG_CXX_LIBRARY = "libc++";
				CLANG_WARN_CONSTANT_CONVERSION = YES;
				CLANG_WARN_EMPTY_BODY = YES;
				CLANG_WARN_ENUM_CONVERSION = YES;
				CLANG_WARN_INT_CONVERSION = YES;
				CLANG_WARN__DUPLICATE_METHOD_MATCH = YES;
				"CODE_SIGN_IDENTITY[sdk=iphoneos*]" = "iPhone Developer";
				COPY_PHASE_STRIP = YES;
				GCC_C_LANGUAGE_STANDARD = gnu99;
				GCC_WARN_ABOUT_RETURN_TYPE = YES;
				GCC_WARN_UNINITIALIZED_AUTOS = YES;
				GCC_WARN_UNUSED_VARIABLE = YES;
				IPHONEOS_DEPLOYMENT_TARGET = 6.1;
				OTHER_CFLAGS = "-DNS_BLOCK_ASSERTIONS=1";
				SDKROOT = iphoneos;
				VALIDATE_PRODUCT = YES;
			};
			name = Release;
		};
		5BDC2B5817533E5A00BBA0CD /* Debug */ = {
			isa = XCBuildConfiguration;
			buildSettings = {
				GCC_PRECOMPILE_PREFIX_HEADER = YES;
				GCC_PREFIX_HEADER = "TDDStringCalculator/TDDStringCalculator-Prefix.pch";
				INFOPLIST_FILE = "TDDStringCalculator/TDDStringCalculator-Info.plist";
				PRODUCT_NAME = "$(TARGET_NAME)";
				WRAPPER_EXTENSION = app;
			};
			name = Debug;
		};
		5BDC2B5917533E5A00BBA0CD /* Release */ = {
			isa = XCBuildConfiguration;
			buildSettings = {
				GCC_PRECOMPILE_PREFIX_HEADER = YES;
				GCC_PREFIX_HEADER = "TDDStringCalculator/TDDStringCalculator-Prefix.pch";
				INFOPLIST_FILE = "TDDStringCalculator/TDDStringCalculator-Info.plist";
				PRODUCT_NAME = "$(TARGET_NAME)";
				WRAPPER_EXTENSION = app;
			};
			name = Release;
		};
		5BDC2B5B17533E5A00BBA0CD /* Debug */ = {
			isa = XCBuildConfiguration;
			buildSettings = {
				BUNDLE_LOADER = "$(BUILT_PRODUCTS_DIR)/TDDStringCalculator.app/TDDStringCalculator";
				FRAMEWORK_SEARCH_PATHS = (
					"\"$(SDKROOT)/Developer/Library/Frameworks\"",
					"\"$(DEVELOPER_LIBRARY_DIR)/Frameworks\"",
				);
				GCC_PRECOMPILE_PREFIX_HEADER = YES;
				GCC_PREFIX_HEADER = "TDDStringCalculator/TDDStringCalculator-Prefix.pch";
				INFOPLIST_FILE = "TDDStringCalculatorTests/TDDStringCalculatorTests-Info.plist";
				PRODUCT_NAME = "$(TARGET_NAME)";
				TEST_HOST = "$(BUNDLE_LOADER)";
				WRAPPER_EXTENSION = octest;
			};
			name = Debug;
		};
		5BDC2B5C17533E5A00BBA0CD /* Release */ = {
			isa = XCBuildConfiguration;
			buildSettings = {
				BUNDLE_LOADER = "$(BUILT_PRODUCTS_DIR)/TDDStringCalculator.app/TDDStringCalculator";
				FRAMEWORK_SEARCH_PATHS = (
					"\"$(SDKROOT)/Developer/Library/Frameworks\"",
					"\"$(DEVELOPER_LIBRARY_DIR)/Frameworks\"",
				);
				GCC_PRECOMPILE_PREFIX_HEADER = YES;
				GCC_PREFIX_HEADER = "TDDStringCalculator/TDDStringCalculator-Prefix.pch";
				INFOPLIST_FILE = "TDDStringCalculatorTests/TDDStringCalculatorTests-Info.plist";
				PRODUCT_NAME = "$(TARGET_NAME)";
				TEST_HOST = "$(BUNDLE_LOADER)";
				WRAPPER_EXTENSION = octest;
			};
			name = Release;
		};
/* End XCBuildConfiguration section */

/* Begin XCConfigurationList section */
		5BDC2B1A17533E5900BBA0CD /* Build configuration list for PBXProject "TDDStringCalculator" */ = {
			isa = XCConfigurationList;
			buildConfigurations = (
				5BDC2B5517533E5A00BBA0CD /* Debug */,
				5BDC2B5617533E5A00BBA0CD /* Release */,
			);
			defaultConfigurationIsVisible = 0;
			defaultConfigurationName = Release;
		};
		5BDC2B5717533E5A00BBA0CD /* Build configuration list for PBXNativeTarget "TDDStringCalculator" */ = {
			isa = XCConfigurationList;
			buildConfigurations = (
				5BDC2B5817533E5A00BBA0CD /* Debug */,
				5BDC2B5917533E5A00BBA0CD /* Release */,
			);
			defaultConfigurationIsVisible = 0;
		};
		5BDC2B5A17533E5A00BBA0CD /* Build configuration list for PBXNativeTarget "TDDStringCalculatorTests" */ = {
			isa = XCConfigurationList;
			buildConfigurations = (
				5BDC2B5B17533E5A00BBA0CD /* Debug */,
				5BDC2B5C17533E5A00BBA0CD /* Release */,
			);
			defaultConfigurationIsVisible = 0;
		};
/* End XCConfigurationList section */
	};
	rootObject = 5BDC2B1717533E5900BBA0CD /* Project object */;
}
