// !$*UTF8*$!
{
	archiveVersion = 1;
	classes = {
	};
	objectVersion = 46;
	objects = {

/* Begin PBXBuildFile section */
		5B0DD6F81754893700BACA3A /* UIKit.framework in Frameworks */ = {isa = PBXBuildFile; fileRef = 5B0DD6F71754893700BACA3A /* UIKit.framework */; };
		5B0DD6FA1754893700BACA3A /* Foundation.framework in Frameworks */ = {isa = PBXBuildFile; fileRef = 5B0DD6F91754893700BACA3A /* Foundation.framework */; };
		5B0DD6FC1754893700BACA3A /* CoreGraphics.framework in Frameworks */ = {isa = PBXBuildFile; fileRef = 5B0DD6FB1754893700BACA3A /* CoreGraphics.framework */; };
		5B0DD7021754893700BACA3A /* InfoPlist.strings in Resources */ = {isa = PBXBuildFile; fileRef = 5B0DD7001754893700BACA3A /* InfoPlist.strings */; };
		5B0DD7041754893700BACA3A /* main.m in Sources */ = {isa = PBXBuildFile; fileRef = 5B0DD7031754893700BACA3A /* main.m */; };
		5B0DD7081754893700BACA3A /* StringCalculatorAppDelegate.m in Sources */ = {isa = PBXBuildFile; fileRef = 5B0DD7071754893700BACA3A /* StringCalculatorAppDelegate.m */; };
		5B0DD70A1754893700BACA3A /* Default.png in Resources */ = {isa = PBXBuildFile; fileRef = 5B0DD7091754893700BACA3A /* Default.png */; };
		5B0DD70C1754893700BACA3A /* Default@2x.png in Resources */ = {isa = PBXBuildFile; fileRef = 5B0DD70B1754893700BACA3A /* Default@2x.png */; };
		5B0DD70E1754893700BACA3A /* Default-568h@2x.png in Resources */ = {isa = PBXBuildFile; fileRef = 5B0DD70D1754893700BACA3A /* Default-568h@2x.png */; };
		5B0DD7111754893700BACA3A /* StringCalculatorViewController.m in Sources */ = {isa = PBXBuildFile; fileRef = 5B0DD7101754893700BACA3A /* StringCalculatorViewController.m */; };
		5B0DD7141754893800BACA3A /* StringCalculatorViewController.xib in Resources */ = {isa = PBXBuildFile; fileRef = 5B0DD7121754893800BACA3A /* StringCalculatorViewController.xib */; };
		5B0DD71C1754893900BACA3A /* SenTestingKit.framework in Frameworks */ = {isa = PBXBuildFile; fileRef = 5B0DD71B1754893900BACA3A /* SenTestingKit.framework */; };
		5B0DD71D1754893900BACA3A /* UIKit.framework in Frameworks */ = {isa = PBXBuildFile; fileRef = 5B0DD6F71754893700BACA3A /* UIKit.framework */; };
		5B0DD71E1754893900BACA3A /* Foundation.framework in Frameworks */ = {isa = PBXBuildFile; fileRef = 5B0DD6F91754893700BACA3A /* Foundation.framework */; };
		5B0DD7261754893900BACA3A /* InfoPlist.strings in Resources */ = {isa = PBXBuildFile; fileRef = 5B0DD7241754893900BACA3A /* InfoPlist.strings */; };
		5B0DD7291754893900BACA3A /* StringCalculatorTests.m in Sources */ = {isa = PBXBuildFile; fileRef = 5B0DD7281754893900BACA3A /* StringCalculatorTests.m */; };
		5B0DD7341754896900BACA3A /* StringCalculator.m in Sources */ = {isa = PBXBuildFile; fileRef = 5B0DD7331754896900BACA3A /* StringCalculator.m */; };
/* End PBXBuildFile section */

/* Begin PBXContainerItemProxy section */
		5B0DD71F1754893900BACA3A /* PBXContainerItemProxy */ = {
			isa = PBXContainerItemProxy;
			containerPortal = 5B0DD6EC1754893700BACA3A /* Project object */;
			proxyType = 1;
			remoteGlobalIDString = 5B0DD6F31754893700BACA3A;
			remoteInfo = StringCalculator;
		};
/* End PBXContainerItemProxy section */

/* Begin PBXFileReference section */
		5B0DD6F41754893700BACA3A /* StringCalculator.app */ = {isa = PBXFileReference; explicitFileType = wrapper.application; includeInIndex = 0; path = StringCalculator.app; sourceTree = BUILT_PRODUCTS_DIR; };
		5B0DD6F71754893700BACA3A /* UIKit.framework */ = {isa = PBXFileReference; lastKnownFileType = wrapper.framework; name = UIKit.framework; path = System/Library/Frameworks/UIKit.framework; sourceTree = SDKROOT; };
		5B0DD6F91754893700BACA3A /* Foundation.framework */ = {isa = PBXFileReference; lastKnownFileType = wrapper.framework; name = Foundation.framework; path = System/Library/Frameworks/Foundation.framework; sourceTree = SDKROOT; };
		5B0DD6FB1754893700BACA3A /* CoreGraphics.framework */ = {isa = PBXFileReference; lastKnownFileType = wrapper.framework; name = CoreGraphics.framework; path = System/Library/Frameworks/CoreGraphics.framework; sourceTree = SDKROOT; };
		5B0DD6FF1754893700BACA3A /* StringCalculator-Info.plist */ = {isa = PBXFileReference; lastKnownFileType = text.plist.xml; path = "StringCalculator-Info.plist"; sourceTree = "<group>"; };
		5B0DD7011754893700BACA3A /* en */ = {isa = PBXFileReference; lastKnownFileType = text.plist.strings; name = en; path = en.lproj/InfoPlist.strings; sourceTree = "<group>"; };
		5B0DD7031754893700BACA3A /* main.m */ = {isa = PBXFileReference; lastKnownFileType = sourcecode.c.objc; path = main.m; sourceTree = "<group>"; };
		5B0DD7051754893700BACA3A /* StringCalculator-Prefix.pch */ = {isa = PBXFileReference; lastKnownFileType = sourcecode.c.h; path = "StringCalculator-Prefix.pch"; sourceTree = "<group>"; };
		5B0DD7061754893700BACA3A /* StringCalculatorAppDelegate.h */ = {isa = PBXFileReference; lastKnownFileType = sourcecode.c.h; path = StringCalculatorAppDelegate.h; sourceTree = "<group>"; };
		5B0DD7071754893700BACA3A /* StringCalculatorAppDelegate.m */ = {isa = PBXFileReference; lastKnownFileType = sourcecode.c.objc; path = StringCalculatorAppDelegate.m; sourceTree = "<group>"; };
		5B0DD7091754893700BACA3A /* Default.png */ = {isa = PBXFileReference; lastKnownFileType = image.png; path = Default.png; sourceTree = "<group>"; };
		5B0DD70B1754893700BACA3A /* Default@2x.png */ = {isa = PBXFileReference; lastKnownFileType = image.png; path = "Default@2x.png"; sourceTree = "<group>"; };
		5B0DD70D1754893700BACA3A /* Default-568h@2x.png */ = {isa = PBXFileReference; lastKnownFileType = image.png; path = "Default-568h@2x.png"; sourceTree = "<group>"; };
		5B0DD70F1754893700BACA3A /* StringCalculatorViewController.h */ = {isa = PBXFileReference; lastKnownFileType = sourcecode.c.h; path = StringCalculatorViewController.h; sourceTree = "<group>"; };
		5B0DD7101754893700BACA3A /* StringCalculatorViewController.m */ = {isa = PBXFileReference; lastKnownFileType = sourcecode.c.objc; path = StringCalculatorViewController.m; sourceTree = "<group>"; };
		5B0DD7131754893800BACA3A /* en */ = {isa = PBXFileReference; lastKnownFileType = file.xib; name = en; path = en.lproj/StringCalculatorViewController.xib; sourceTree = "<group>"; };
		5B0DD71A1754893900BACA3A /* StringCalculatorTests.octest */ = {isa = PBXFileReference; explicitFileType = wrapper.cfbundle; includeInIndex = 0; path = StringCalculatorTests.octest; sourceTree = BUILT_PRODUCTS_DIR; };
		5B0DD71B1754893900BACA3A /* SenTestingKit.framework */ = {isa = PBXFileReference; lastKnownFileType = wrapper.framework; name = SenTestingKit.framework; path = Library/Frameworks/SenTestingKit.framework; sourceTree = DEVELOPER_DIR; };
		5B0DD7231754893900BACA3A /* StringCalculatorTests-Info.plist */ = {isa = PBXFileReference; lastKnownFileType = text.plist.xml; path = "StringCalculatorTests-Info.plist"; sourceTree = "<group>"; };
		5B0DD7251754893900BACA3A /* en */ = {isa = PBXFileReference; lastKnownFileType = text.plist.strings; name = en; path = en.lproj/InfoPlist.strings; sourceTree = "<group>"; };
		5B0DD7271754893900BACA3A /* StringCalculatorTests.h */ = {isa = PBXFileReference; lastKnownFileType = sourcecode.c.h; path = StringCalculatorTests.h; sourceTree = "<group>"; };
		5B0DD7281754893900BACA3A /* StringCalculatorTests.m */ = {isa = PBXFileReference; lastKnownFileType = sourcecode.c.objc; path = StringCalculatorTests.m; sourceTree = "<group>"; };
		5B0DD7321754896900BACA3A /* StringCalculator.h */ = {isa = PBXFileReference; fileEncoding = 4; lastKnownFileType = sourcecode.c.h; path = StringCalculator.h; sourceTree = "<group>"; };
		5B0DD7331754896900BACA3A /* StringCalculator.m */ = {isa = PBXFileReference; fileEncoding = 4; lastKnownFileType = sourcecode.c.objc; path = StringCalculator.m; sourceTree = "<group>"; };
/* End PBXFileReference section */

/* Begin PBXFrameworksBuildPhase section */
		5B0DD6F11754893700BACA3A /* Frameworks */ = {
			isa = PBXFrameworksBuildPhase;
			buildActionMask = 2147483647;
			files = (
				5B0DD6F81754893700BACA3A /* UIKit.framework in Frameworks */,
				5B0DD6FA1754893700BACA3A /* Foundation.framework in Frameworks */,
				5B0DD6FC1754893700BACA3A /* CoreGraphics.framework in Frameworks */,
			);
			runOnlyForDeploymentPostprocessing = 0;
		};
		5B0DD7161754893800BACA3A /* Frameworks */ = {
			isa = PBXFrameworksBuildPhase;
			buildActionMask = 2147483647;
			files = (
				5B0DD71C1754893900BACA3A /* SenTestingKit.framework in Frameworks */,
				5B0DD71D1754893900BACA3A /* UIKit.framework in Frameworks */,
				5B0DD71E1754893900BACA3A /* Foundation.framework in Frameworks */,
			);
			runOnlyForDeploymentPostprocessing = 0;
		};
/* End PBXFrameworksBuildPhase section */

/* Begin PBXGroup section */
		5B0DD6EB1754893700BACA3A = {
			isa = PBXGroup;
			children = (
				5B0DD6FD1754893700BACA3A /* StringCalculator */,
				5B0DD7211754893900BACA3A /* StringCalculatorTests */,
				5B0DD6F61754893700BACA3A /* Frameworks */,
				5B0DD6F51754893700BACA3A /* Products */,
			);
			sourceTree = "<group>";
		};
		5B0DD6F51754893700BACA3A /* Products */ = {
			isa = PBXGroup;
			children = (
				5B0DD6F41754893700BACA3A /* StringCalculator.app */,
				5B0DD71A1754893900BACA3A /* StringCalculatorTests.octest */,
			);
			name = Products;
			sourceTree = "<group>";
		};
		5B0DD6F61754893700BACA3A /* Frameworks */ = {
			isa = PBXGroup;
			children = (
				5B0DD6F71754893700BACA3A /* UIKit.framework */,
				5B0DD6F91754893700BACA3A /* Foundation.framework */,
				5B0DD6FB1754893700BACA3A /* CoreGraphics.framework */,
				5B0DD71B1754893900BACA3A /* SenTestingKit.framework */,
			);
			name = Frameworks;
			sourceTree = "<group>";
		};
		5B0DD6FD1754893700BACA3A /* StringCalculator */ = {
			isa = PBXGroup;
			children = (
				5B0DD7061754893700BACA3A /* StringCalculatorAppDelegate.h */,
				5B0DD7071754893700BACA3A /* StringCalculatorAppDelegate.m */,
				5B0DD70F1754893700BACA3A /* StringCalculatorViewController.h */,
				5B0DD7101754893700BACA3A /* StringCalculatorViewController.m */,
				5B0DD7121754893800BACA3A /* StringCalculatorViewController.xib */,
				5B0DD6FE1754893700BACA3A /* Supporting Files */,
				5B0DD7321754896900BACA3A /* StringCalculator.h */,
				5B0DD7331754896900BACA3A /* StringCalculator.m */,
			);
			path = StringCalculator;
			sourceTree = "<group>";
		};
		5B0DD6FE1754893700BACA3A /* Supporting Files */ = {
			isa = PBXGroup;
			children = (
				5B0DD6FF1754893700BACA3A /* StringCalculator-Info.plist */,
				5B0DD7001754893700BACA3A /* InfoPlist.strings */,
				5B0DD7031754893700BACA3A /* main.m */,
				5B0DD7051754893700BACA3A /* StringCalculator-Prefix.pch */,
				5B0DD7091754893700BACA3A /* Default.png */,
				5B0DD70B1754893700BACA3A /* Default@2x.png */,
				5B0DD70D1754893700BACA3A /* Default-568h@2x.png */,
			);
			name = "Supporting Files";
			sourceTree = "<group>";
		};
		5B0DD7211754893900BACA3A /* StringCalculatorTests */ = {
			isa = PBXGroup;
			children = (
				5B0DD7271754893900BACA3A /* StringCalculatorTests.h */,
				5B0DD7281754893900BACA3A /* StringCalculatorTests.m */,
				5B0DD7221754893900BACA3A /* Supporting Files */,
			);
			path = StringCalculatorTests;
			sourceTree = "<group>";
		};
		5B0DD7221754893900BACA3A /* Supporting Files */ = {
			isa = PBXGroup;
			children = (
				5B0DD7231754893900BACA3A /* StringCalculatorTests-Info.plist */,
				5B0DD7241754893900BACA3A /* InfoPlist.strings */,
			);
			name = "Supporting Files";
			sourceTree = "<group>";
		};
/* End PBXGroup section */

/* Begin PBXNativeTarget section */
		5B0DD6F31754893700BACA3A /* StringCalculator */ = {
			isa = PBXNativeTarget;
			buildConfigurationList = 5B0DD72C1754893900BACA3A /* Build configuration list for PBXNativeTarget "StringCalculator" */;
			buildPhases = (
				5B0DD6F01754893700BACA3A /* Sources */,
				5B0DD6F11754893700BACA3A /* Frameworks */,
				5B0DD6F21754893700BACA3A /* Resources */,
			);
			buildRules = (
			);
			dependencies = (
			);
			name = StringCalculator;
			productName = StringCalculator;
			productReference = 5B0DD6F41754893700BACA3A /* StringCalculator.app */;
			productType = "com.apple.product-type.application";
		};
		5B0DD7191754893800BACA3A /* StringCalculatorTests */ = {
			isa = PBXNativeTarget;
			buildConfigurationList = 5B0DD72F1754893900BACA3A /* Build configuration list for PBXNativeTarget "StringCalculatorTests" */;
			buildPhases = (
				5B0DD7151754893800BACA3A /* Sources */,
				5B0DD7161754893800BACA3A /* Frameworks */,
				5B0DD7171754893800BACA3A /* Resources */,
				5B0DD7181754893800BACA3A /* ShellScript */,
			);
			buildRules = (
			);
			dependencies = (
				5B0DD7201754893900BACA3A /* PBXTargetDependency */,
			);
			name = StringCalculatorTests;
			productName = StringCalculatorTests;
			productReference = 5B0DD71A1754893900BACA3A /* StringCalculatorTests.octest */;
			productType = "com.apple.product-type.bundle";
		};
/* End PBXNativeTarget section */

/* Begin PBXProject section */
		5B0DD6EC1754893700BACA3A /* Project object */ = {
			isa = PBXProject;
			attributes = {
				CLASSPREFIX = StringCalculator;
				LastUpgradeCheck = 0460;
				ORGANIZATIONNAME = Thett;
			};
			buildConfigurationList = 5B0DD6EF1754893700BACA3A /* Build configuration list for PBXProject "StringCalculator" */;
			compatibilityVersion = "Xcode 3.2";
			developmentRegion = English;
			hasScannedForEncodings = 0;
			knownRegions = (
				en,
			);
			mainGroup = 5B0DD6EB1754893700BACA3A;
			productRefGroup = 5B0DD6F51754893700BACA3A /* Products */;
			projectDirPath = "";
			projectRoot = "";
			targets = (
				5B0DD6F31754893700BACA3A /* StringCalculator */,
				5B0DD7191754893800BACA3A /* StringCalculatorTests */,
			);
		};
/* End PBXProject section */

/* Begin PBXResourcesBuildPhase section */
		5B0DD6F21754893700BACA3A /* Resources */ = {
			isa = PBXResourcesBuildPhase;
			buildActionMask = 2147483647;
			files = (
				5B0DD7021754893700BACA3A /* InfoPlist.strings in Resources */,
				5B0DD70A1754893700BACA3A /* Default.png in Resources */,
				5B0DD70C1754893700BACA3A /* Default@2x.png in Resources */,
				5B0DD70E1754893700BACA3A /* Default-568h@2x.png in Resources */,
				5B0DD7141754893800BACA3A /* StringCalculatorViewController.xib in Resources */,
			);
			runOnlyForDeploymentPostprocessing = 0;
		};
		5B0DD7171754893800BACA3A /* Resources */ = {
			isa = PBXResourcesBuildPhase;
			buildActionMask = 2147483647;
			files = (
				5B0DD7261754893900BACA3A /* InfoPlist.strings in Resources */,
			);
			runOnlyForDeploymentPostprocessing = 0;
		};
/* End PBXResourcesBuildPhase section */

/* Begin PBXShellScriptBuildPhase section */
		5B0DD7181754893800BACA3A /* ShellScript */ = {
			isa = PBXShellScriptBuildPhase;
			buildActionMask = 2147483647;
			files = (
			);
			inputPaths = (
			);
			outputPaths = (
			);
			runOnlyForDeploymentPostprocessing = 0;
			shellPath = /bin/sh;
			shellScript = "# Run the unit tests in this test bundle.\n\"${SYSTEM_DEVELOPER_DIR}/Tools/RunUnitTests\"\n";
		};
/* End PBXShellScriptBuildPhase section */

/* Begin PBXSourcesBuildPhase section */
		5B0DD6F01754893700BACA3A /* Sources */ = {
			isa = PBXSourcesBuildPhase;
			buildActionMask = 2147483647;
			files = (
				5B0DD7041754893700BACA3A /* main.m in Sources */,
				5B0DD7081754893700BACA3A /* StringCalculatorAppDelegate.m in Sources */,
				5B0DD7111754893700BACA3A /* StringCalculatorViewController.m in Sources */,
				5B0DD7341754896900BACA3A /* StringCalculator.m in Sources */,
			);
			runOnlyForDeploymentPostprocessing = 0;
		};
		5B0DD7151754893800BACA3A /* Sources */ = {
			isa = PBXSourcesBuildPhase;
			buildActionMask = 2147483647;
			files = (
				5B0DD7291754893900BACA3A /* StringCalculatorTests.m in Sources */,
			);
			runOnlyForDeploymentPostprocessing = 0;
		};
/* End PBXSourcesBuildPhase section */

/* Begin PBXTargetDependency section */
		5B0DD7201754893900BACA3A /* PBXTargetDependency */ = {
			isa = PBXTargetDependency;
			target = 5B0DD6F31754893700BACA3A /* StringCalculator */;
			targetProxy = 5B0DD71F1754893900BACA3A /* PBXContainerItemProxy */;
		};
/* End PBXTargetDependency section */

/* Begin PBXVariantGroup section */
		5B0DD7001754893700BACA3A /* InfoPlist.strings */ = {
			isa = PBXVariantGroup;
			children = (
				5B0DD7011754893700BACA3A /* en */,
			);
			name = InfoPlist.strings;
			sourceTree = "<group>";
		};
		5B0DD7121754893800BACA3A /* StringCalculatorViewController.xib */ = {
			isa = PBXVariantGroup;
			children = (
				5B0DD7131754893800BACA3A /* en */,
			);
			name = StringCalculatorViewController.xib;
			sourceTree = "<group>";
		};
		5B0DD7241754893900BACA3A /* InfoPlist.strings */ = {
			isa = PBXVariantGroup;
			children = (
				5B0DD7251754893900BACA3A /* en */,
			);
			name = InfoPlist.strings;
			sourceTree = "<group>";
		};
/* End PBXVariantGroup section */

/* Begin XCBuildConfiguration section */
		5B0DD72A1754893900BACA3A /* Debug */ = {
			isa = XCBuildConfiguration;
			buildSettings = {
				ALWAYS_SEARCH_USER_PATHS = NO;
				CLANG_CXX_LANGUAGE_STANDARD = "gnu++0x";
				CLANG_CXX_LIBRARY = "libc++";
				CLANG_WARN_CONSTANT_CONVERSION = YES;
				CLANG_WARN_EMPTY_BODY = YES;
				CLANG_WARN_ENUM_CONVERSION = YES;
				CLANG_WARN_INT_CONVERSION = YES;
				CLANG_WARN__DUPLICATE_METHOD_MATCH = YES;
				"CODE_SIGN_IDENTITY[sdk=iphoneos*]" = "iPhone Developer";
				COPY_PHASE_STRIP = NO;
				GCC_C_LANGUAGE_STANDARD = gnu99;
				GCC_DYNAMIC_NO_PIC = NO;
				GCC_OPTIMIZATION_LEVEL = 0;
				GCC_PREPROCESSOR_DEFINITIONS = (
					"DEBUG=1",
					"$(inherited)",
				);
				GCC_SYMBOLS_PRIVATE_EXTERN = NO;
				GCC_WARN_ABOUT_RETURN_TYPE = YES;
				GCC_WARN_UNINITIALIZED_AUTOS = YES;
				GCC_WARN_UNUSED_VARIABLE = YES;
				IPHONEOS_DEPLOYMENT_TARGET = 6.1;
				ONLY_ACTIVE_ARCH = YES;
				SDKROOT = iphoneos;
			};
			name = Debug;
		};
		5B0DD72B1754893900BACA3A /* Release */ = {
			isa = XCBuildConfiguration;
			buildSettings = {
				ALWAYS_SEARCH_USER_PATHS = NO;
				CLANG_CXX_LANGUAGE_STANDARD = "gnu++0x";
				CLANG_CXX_LIBRARY = "libc++";
				CLANG_WARN_CONSTANT_CONVERSION = YES;
				CLANG_WARN_EMPTY_BODY = YES;
				CLANG_WARN_ENUM_CONVERSION = YES;
				CLANG_WARN_INT_CONVERSION = YES;
				CLANG_WARN__DUPLICATE_METHOD_MATCH = YES;
				"CODE_SIGN_IDENTITY[sdk=iphoneos*]" = "iPhone Developer";
				COPY_PHASE_STRIP = YES;
				GCC_C_LANGUAGE_STANDARD = gnu99;
				GCC_WARN_ABOUT_RETURN_TYPE = YES;
				GCC_WARN_UNINITIALIZED_AUTOS = YES;
				GCC_WARN_UNUSED_VARIABLE = YES;
				IPHONEOS_DEPLOYMENT_TARGET = 6.1;
				OTHER_CFLAGS = "-DNS_BLOCK_ASSERTIONS=1";
				SDKROOT = iphoneos;
				VALIDATE_PRODUCT = YES;
			};
			name = Release;
		};
		5B0DD72D1754893900BACA3A /* Debug */ = {
			isa = XCBuildConfiguration;
			buildSettings = {
				GCC_PRECOMPILE_PREFIX_HEADER = YES;
				GCC_PREFIX_HEADER = "StringCalculator/StringCalculator-Prefix.pch";
				INFOPLIST_FILE = "StringCalculator/StringCalculator-Info.plist";
				PRODUCT_NAME = "$(TARGET_NAME)";
				WRAPPER_EXTENSION = app;
			};
			name = Debug;
		};
		5B0DD72E1754893900BACA3A /* Release */ = {
			isa = XCBuildConfiguration;
			buildSettings = {
				GCC_PRECOMPILE_PREFIX_HEADER = YES;
				GCC_PREFIX_HEADER = "StringCalculator/StringCalculator-Prefix.pch";
				INFOPLIST_FILE = "StringCalculator/StringCalculator-Info.plist";
				PRODUCT_NAME = "$(TARGET_NAME)";
				WRAPPER_EXTENSION = app;
			};
			name = Release;
		};
		5B0DD7301754893900BACA3A /* Debug */ = {
			isa = XCBuildConfiguration;
			buildSettings = {
				BUNDLE_LOADER = "$(BUILT_PRODUCTS_DIR)/StringCalculator.app/StringCalculator";
				FRAMEWORK_SEARCH_PATHS = (
					"\"$(SDKROOT)/Developer/Library/Frameworks\"",
					"\"$(DEVELOPER_LIBRARY_DIR)/Frameworks\"",
				);
				GCC_PRECOMPILE_PREFIX_HEADER = YES;
				GCC_PREFIX_HEADER = "StringCalculator/StringCalculator-Prefix.pch";
				INFOPLIST_FILE = "StringCalculatorTests/StringCalculatorTests-Info.plist";
				PRODUCT_NAME = "$(TARGET_NAME)";
				TEST_HOST = "$(BUNDLE_LOADER)";
				WRAPPER_EXTENSION = octest;
			};
			name = Debug;
		};
		5B0DD7311754893900BACA3A /* Release */ = {
			isa = XCBuildConfiguration;
			buildSettings = {
				BUNDLE_LOADER = "$(BUILT_PRODUCTS_DIR)/StringCalculator.app/StringCalculator";
				FRAMEWORK_SEARCH_PATHS = (
					"\"$(SDKROOT)/Developer/Library/Frameworks\"",
					"\"$(DEVELOPER_LIBRARY_DIR)/Frameworks\"",
				);
				GCC_PRECOMPILE_PREFIX_HEADER = YES;
				GCC_PREFIX_HEADER = "StringCalculator/StringCalculator-Prefix.pch";
				INFOPLIST_FILE = "StringCalculatorTests/StringCalculatorTests-Info.plist";
				PRODUCT_NAME = "$(TARGET_NAME)";
				TEST_HOST = "$(BUNDLE_LOADER)";
				WRAPPER_EXTENSION = octest;
			};
			name = Release;
		};
/* End XCBuildConfiguration section */

/* Begin XCConfigurationList section */
		5B0DD6EF1754893700BACA3A /* Build configuration list for PBXProject "StringCalculator" */ = {
			isa = XCConfigurationList;
			buildConfigurations = (
				5B0DD72A1754893900BACA3A /* Debug */,
				5B0DD72B1754893900BACA3A /* Release */,
			);
			defaultConfigurationIsVisible = 0;
			defaultConfigurationName = Release;
		};
		5B0DD72C1754893900BACA3A /* Build configuration list for PBXNativeTarget "StringCalculator" */ = {
			isa = XCConfigurationList;
			buildConfigurations = (
				5B0DD72D1754893900BACA3A /* Debug */,
				5B0DD72E1754893900BACA3A /* Release */,
			);
			defaultConfigurationIsVisible = 0;
		};
		5B0DD72F1754893900BACA3A /* Build configuration list for PBXNativeTarget "StringCalculatorTests" */ = {
			isa = XCConfigurationList;
			buildConfigurations = (
				5B0DD7301754893900BACA3A /* Debug */,
				5B0DD7311754893900BACA3A /* Release */,
			);
			defaultConfigurationIsVisible = 0;
		};
/* End XCConfigurationList section */
	};
	rootObject = 5B0DD6EC1754893700BACA3A /* Project object */;
}
